
Microsoft Visual Studio Solution File, Format Version 12.00
# Visual Studio Version 17
VisualStudioVersion = 17.7.34221.43
MinimumVisualStudioVersion = 10.0.40219.1
Project("{FAE04EC0-301F-11D3-BF4B-00C04F79EFBC}") = "smıth sayı deneme2", "smıth sayı deneme2\smıth sayı deneme2.csproj", "{2223F8AC-7382-42AF-9F08-A1F03E8D9488}"
EndProject
Global
	GlobalSection(SolutionConfigurationPlatforms) = preSolution
		Debug|Any CPU = Debug|Any CPU
		Release|Any CPU = Release|Any CPU
	EndGlobalSection
	GlobalSection(ProjectConfigurationPlatforms) = postSolution
		{2223F8AC-7382-42AF-9F08-A1F03E8D9488}.Debug|Any CPU.ActiveCfg = Debug|Any CPU
		{2223F8AC-7382-42AF-9F08-A1F03E8D9488}.Debug|Any CPU.Build.0 = Debug|Any CPU
		{2223F8AC-7382-42AF-9F08-A1F03E8D9488}.Release|Any CPU.ActiveCfg = Release|Any CPU
		{2223F8AC-7382-42AF-9F08-A1F03E8D9488}.Release|Any CPU.Build.0 = Release|Any CPU
	EndGlobalSection
	GlobalSection(SolutionProperties) = preSolution
		HideSolutionNode = FALSE
	EndGlobalSection
	GlobalSection(ExtensibilityGlobals) = postSolution
		SolutionGuid = {A48A6C9F-8A6F-428E-AC84-8EEFEBF6F444}
	EndGlobalSection
EndGlobal
